// !$*UTF8*$!
{
	archiveVersion = 1;
	classes = {
	};
	objectVersion = 56;
	objects = {

/* Begin PBXBuildFile section */
		581EBF702DE0F10C00C250DD /* AppDelegate.swift in Sources */ = {isa = PBXBuildFile; fileRef = 581EBF6F2DE0F10C00C250DD /* AppDelegate.swift */; };
		581EBF722DE0F10C00C250DD /* SceneDelegate.swift in Sources */ = {isa = PBXBuildFile; fileRef = 581EBF712DE0F10C00C250DD /* SceneDelegate.swift */; };
		581EBF742DE0F10C00C250DD /* ViewController.swift in Sources */ = {isa = PBXBuildFile; fileRef = 581EBF732DE0F10C00C250DD /* ViewController.swift */; };
		581EBF772DE0F10C00C250DD /* Main.storyboard in Resources */ = {isa = PBXBuildFile; fileRef = 581EBF752DE0F10C00C250DD /* Main.storyboard */; };
		581EBF792DE0F10D00C250DD /* Assets.xcassets in Resources */ = {isa = PBXBuildFile; fileRef = 581EBF782DE0F10D00C250DD /* Assets.xcassets */; };
		581EBF7C2DE0F10D00C250DD /* LaunchScreen.storyboard in Resources */ = {isa = PBXBuildFile; fileRef = 581EBF7A2DE0F10D00C250DD /* LaunchScreen.storyboard */; };
		581EBF842DE0FC8600C250DD /* TiltingViewController.swift in Sources */ = {isa = PBXBuildFile; fileRef = 581EBF832DE0FC8600C250DD /* TiltingViewController.swift */; };
		581EBF862DE61D3700C250DD /* InitialViewController.swift in Sources */ = {isa = PBXBuildFile; fileRef = 581EBF852DE61D3700C250DD /* InitialViewController.swift */; };
/* End PBXBuildFile section */

/* Begin PBXFileReference section */
		581EBF6C2DE0F10C00C250DD /* telefun.app */ = {isa = PBXFileReference; explicitFileType = wrapper.application; includeInIndex = 0; path = telefun.app; sourceTree = BUILT_PRODUCTS_DIR; };
		581EBF6F2DE0F10C00C250DD /* AppDelegate.swift */ = {isa = PBXFileReference; lastKnownFileType = sourcecode.swift; path = AppDelegate.swift; sourceTree = "<group>"; };
		581EBF712DE0F10C00C250DD /* SceneDelegate.swift */ = {isa = PBXFileReference; lastKnownFileType = sourcecode.swift; path = SceneDelegate.swift; sourceTree = "<group>"; };
		581EBF732DE0F10C00C250DD /* ViewController.swift */ = {isa = PBXFileReference; lastKnownFileType = sourcecode.swift; path = ViewController.swift; sourceTree = "<group>"; };
		581EBF762DE0F10C00C250DD /* Base */ = {isa = PBXFileReference; lastKnownFileType = file.storyboard; name = Base; path = Base.lproj/Main.storyboard; sourceTree = "<group>"; };
		581EBF782DE0F10D00C250DD /* Assets.xcassets */ = {isa = PBXFileReference; lastKnownFileType = folder.assetcatalog; path = Assets.xcassets; sourceTree = "<group>"; };
		581EBF7B2DE0F10D00C250DD /* Base */ = {isa = PBXFileReference; lastKnownFileType = file.storyboard; name = Base; path = Base.lproj/LaunchScreen.storyboard; sourceTree = "<group>"; };
		581EBF7D2DE0F10D00C250DD /* Info.plist */ = {isa = PBXFileReference; lastKnownFileType = text.plist.xml; path = Info.plist; sourceTree = "<group>"; };
		581EBF832DE0FC8600C250DD /* TiltingViewController.swift */ = {isa = PBXFileReference; lastKnownFileType = sourcecode.swift; path = TiltingViewController.swift; sourceTree = "<group>"; };
		581EBF852DE61D3700C250DD /* InitialViewController.swift */ = {isa = PBXFileReference; lastKnownFileType = sourcecode.swift; path = InitialViewController.swift; sourceTree = "<group>"; };
/* End PBXFileReference section */

/* Begin PBXFrameworksBuildPhase section */
		581EBF692DE0F10C00C250DD /* Frameworks */ = {
			isa = PBXFrameworksBuildPhase;
			buildActionMask = 2147483647;
			files = (
			);
			runOnlyForDeploymentPostprocessing = 0;
		};
/* End PBXFrameworksBuildPhase section */

/* Begin PBXGroup section */
		581EBF632DE0F10C00C250DD = {
			isa = PBXGroup;
			children = (
				581EBF6E2DE0F10C00C250DD /* telefun */,
				581EBF6D2DE0F10C00C250DD /* Products */,
			);
			sourceTree = "<group>";
		};
		581EBF6D2DE0F10C00C250DD /* Products */ = {
			isa = PBXGroup;
			children = (
				581EBF6C2DE0F10C00C250DD /* telefun.app */,
			);
			name = Products;
			sourceTree = "<group>";
		};
		581EBF6E2DE0F10C00C250DD /* telefun */ = {
			isa = PBXGroup;
			children = (
				581EBF6F2DE0F10C00C250DD /* AppDelegate.swift */,
				581EBF712DE0F10C00C250DD /* SceneDelegate.swift */,
				581EBF732DE0F10C00C250DD /* ViewController.swift */,
				581EBF752DE0F10C00C250DD /* Main.storyboard */,
				581EBF782DE0F10D00C250DD /* Assets.xcassets */,
				581EBF7A2DE0F10D00C250DD /* LaunchScreen.storyboard */,
				581EBF7D2DE0F10D00C250DD /* Info.plist */,
				581EBF832DE0FC8600C250DD /* TiltingViewController.swift */,
				581EBF852DE61D3700C250DD /* InitialViewController.swift */,
			);
			path = telefun;
			sourceTree = "<group>";
		};
/* End PBXGroup section */

/* Begin PBXNativeTarget section */
		581EBF6B2DE0F10C00C250DD /* telefun */ = {
			isa = PBXNativeTarget;
			buildConfigurationList = 581EBF802DE0F10D00C250DD /* Build configuration list for PBXNativeTarget "telefun" */;
			buildPhases = (
				581EBF682DE0F10C00C250DD /* Sources */,
				581EBF692DE0F10C00C250DD /* Frameworks */,
				581EBF6A2DE0F10C00C250DD /* Resources */,
			);
			buildRules = (
			);
			dependencies = (
			);
			name = telefun;
			productName = telefun;
			productReference = 581EBF6C2DE0F10C00C250DD /* telefun.app */;
			productType = "com.apple.product-type.application";
		};
/* End PBXNativeTarget section */

/* Begin PBXProject section */
		581EBF642DE0F10C00C250DD /* Project object */ = {
			isa = PBXProject;
			attributes = {
				BuildIndependentTargetsInParallel = 1;
				LastSwiftUpdateCheck = 1420;
				LastUpgradeCheck = 1420;
				TargetAttributes = {
					581EBF6B2DE0F10C00C250DD = {
						CreatedOnToolsVersion = 14.2;
					};
				};
			};
			buildConfigurationList = 581EBF672DE0F10C00C250DD /* Build configuration list for PBXProject "telefun" */;
			compatibilityVersion = "Xcode 14.0";
			developmentRegion = en;
			hasScannedForEncodings = 0;
			knownRegions = (
				en,
				Base,
			);
			mainGroup = 581EBF632DE0F10C00C250DD;
			productRefGroup = 581EBF6D2DE0F10C00C250DD /* Products */;
			projectDirPath = "";
			projectRoot = "";
			targets = (
				581EBF6B2DE0F10C00C250DD /* telefun */,
			);
		};
/* End PBXProject section */

/* Begin PBXResourcesBuildPhase section */
		581EBF6A2DE0F10C00C250DD /* Resources */ = {
			isa = PBXResourcesBuildPhase;
			buildActionMask = 2147483647;
			files = (
				581EBF7C2DE0F10D00C250DD /* LaunchScreen.storyboard in Resources */,
				581EBF792DE0F10D00C250DD /* Assets.xcassets in Resources */,
				581EBF772DE0F10C00C250DD /* Main.storyboard in Resources */,
			);
			runOnlyForDeploymentPostprocessing = 0;
		};
/* End PBXResourcesBuildPhase section */

/* Begin PBXSourcesBuildPhase section */
		581EBF682DE0F10C00C250DD /* Sources */ = {
			isa = PBXSourcesBuildPhase;
			buildActionMask = 2147483647;
			files = (
				581EBF862DE61D3700C250DD /* InitialViewController.swift in Sources */,
				581EBF842DE0FC8600C250DD /* TiltingViewController.swift in Sources */,
				581EBF742DE0F10C00C250DD /* ViewController.swift in Sources */,
				581EBF702DE0F10C00C250DD /* AppDelegate.swift in Sources */,
				581EBF722DE0F10C00C250DD /* SceneDelegate.swift in Sources */,
			);
			runOnlyForDeploymentPostprocessing = 0;
		};
/* End PBXSourcesBuildPhase section */

/* Begin PBXVariantGroup section */
		581EBF752DE0F10C00C250DD /* Main.storyboard */ = {
			isa = PBXVariantGroup;
			children = (
				581EBF762DE0F10C00C250DD /* Base */,
			);
			name = Main.storyboard;
			sourceTree = "<group>";
		};
		581EBF7A2DE0F10D00C250DD /* LaunchScreen.storyboard */ = {
			isa = PBXVariantGroup;
			children = (
				581EBF7B2DE0F10D00C250DD /* Base */,
			);
			name = LaunchScreen.storyboard;
			sourceTree = "<group>";
		};
/* End PBXVariantGroup section */

/* Begin XCBuildConfiguration section */
		581EBF7E2DE0F10D00C250DD /* Debug */ = {
			isa = XCBuildConfiguration;
			buildSettings = {
				ALWAYS_SEARCH_USER_PATHS = NO;
				CLANG_ANALYZER_NONNULL = YES;
				CLANG_ANALYZER_NUMBER_OBJECT_CONVERSION = YES_AGGRESSIVE;
				CLANG_CXX_LANGUAGE_STANDARD = "gnu++20";
				CLANG_ENABLE_MODULES = YES;
				CLANG_ENABLE_OBJC_ARC = YES;
				CLANG_ENABLE_OBJC_WEAK = YES;
				CLANG_WARN_BLOCK_CAPTURE_AUTORELEASING = YES;
				CLANG_WARN_BOOL_CONVERSION = YES;
				CLANG_WARN_COMMA = YES;
				CLANG_WARN_CONSTANT_CONVERSION = YES;
				CLANG_WARN_DEPRECATED_OBJC_IMPLEMENTATIONS = YES;
				CLANG_WARN_DIRECT_OBJC_ISA_USAGE = YES_ERROR;
				CLANG_WARN_DOCUMENTATION_COMMENTS = YES;
				CLANG_WARN_EMPTY_BODY = YES;
				CLANG_WARN_ENUM_CONVERSION = YES;
				CLANG_WARN_INFINITE_RECURSION = YES;
				CLANG_WARN_INT_CONVERSION = YES;
				CLANG_WARN_NON_LITERAL_NULL_CONVERSION = YES;
				CLANG_WARN_OBJC_IMPLICIT_RETAIN_SELF = YES;
				CLANG_WARN_OBJC_LITERAL_CONVERSION = YES;
				CLANG_WARN_OBJC_ROOT_CLASS = YES_ERROR;
				CLANG_WARN_QUOTED_INCLUDE_IN_FRAMEWORK_HEADER = YES;
				CLANG_WARN_RANGE_LOOP_ANALYSIS = YES;
				CLANG_WARN_STRICT_PROTOTYPES = YES;
				CLANG_WARN_SUSPICIOUS_MOVE = YES;
				CLANG_WARN_UNGUARDED_AVAILABILITY = YES_AGGRESSIVE;
				CLANG_WARN_UNREACHABLE_CODE = YES;
				CLANG_WARN__DUPLICATE_METHOD_MATCH = YES;
				COPY_PHASE_STRIP = NO;
				DEBUG_INFORMATION_FORMAT = dwarf;
				ENABLE_STRICT_OBJC_MSGSEND = YES;
				ENABLE_TESTABILITY = YES;
				GCC_C_LANGUAGE_STANDARD = gnu11;
				GCC_DYNAMIC_NO_PIC = NO;
				GCC_NO_COMMON_BLOCKS = YES;
				GCC_OPTIMIZATION_LEVEL = 0;
				GCC_PREPROCESSOR_DEFINITIONS = (
					"DEBUG=1",
					"$(inherited)",
				);
				GCC_WARN_64_TO_32_BIT_CONVERSION = YES;
				GCC_WARN_ABOUT_RETURN_TYPE = YES_ERROR;
				GCC_WARN_UNDECLARED_SELECTOR = YES;
				GCC_WARN_UNINITIALIZED_AUTOS = YES_AGGRESSIVE;
				GCC_WARN_UNUSED_FUNCTION = YES;
				GCC_WARN_UNUSED_VARIABLE = YES;
				IPHONEOS_DEPLOYMENT_TARGET = 16.2;
				MTL_ENABLE_DEBUG_INFO = INCLUDE_SOURCE;
				MTL_FAST_MATH = YES;
				ONLY_ACTIVE_ARCH = YES;
				SDKROOT = iphoneos;
				SWIFT_ACTIVE_COMPILATION_CONDITIONS = DEBUG;
				SWIFT_OPTIMIZATION_LEVEL = "-Onone";
			};
			name = Debug;
		};
		581EBF7F2DE0F10D00C250DD /* Release */ = {
			isa = XCBuildConfiguration;
			buildSettings = {
				ALWAYS_SEARCH_USER_PATHS = NO;
				CLANG_ANALYZER_NONNULL = YES;
				CLANG_ANALYZER_NUMBER_OBJECT_CONVERSION = YES_AGGRESSIVE;
				CLANG_CXX_LANGUAGE_STANDARD = "gnu++20";
				CLANG_ENABLE_MODULES = YES;
				CLANG_ENABLE_OBJC_ARC = YES;
				CLANG_ENABLE_OBJC_WEAK = YES;
				CLANG_WARN_BLOCK_CAPTURE_AUTORELEASING = YES;
				CLANG_WARN_BOOL_CONVERSION = YES;
				CLANG_WARN_COMMA = YES;
				CLANG_WARN_CONSTANT_CONVERSION = YES;
				CLANG_WARN_DEPRECATED_OBJC_IMPLEMENTATIONS = YES;
				CLANG_WARN_DIRECT_OBJC_ISA_USAGE = YES_ERROR;
				CLANG_WARN_DOCUMENTATION_COMMENTS = YES;
				CLANG_WARN_EMPTY_BODY = YES;
				CLANG_WARN_ENUM_CONVERSION = YES;
				CLANG_WARN_INFINITE_RECURSION = YES;
				CLANG_WARN_INT_CONVERSION = YES;
				CLANG_WARN_NON_LITERAL_NULL_CONVERSION = YES;
				CLANG_WARN_OBJC_IMPLICIT_RETAIN_SELF = YES;
				CLANG_WARN_OBJC_LITERAL_CONVERSION = YES;
				CLANG_WARN_OBJC_ROOT_CLASS = YES_ERROR;
				CLANG_WARN_QUOTED_INCLUDE_IN_FRAMEWORK_HEADER = YES;
				CLANG_WARN_RANGE_LOOP_ANALYSIS = YES;
				CLANG_WARN_STRICT_PROTOTYPES = YES;
				CLANG_WARN_SUSPICIOUS_MOVE = YES;
				CLANG_WARN_UNGUARDED_AVAILABILITY = YES_AGGRESSIVE;
				CLANG_WARN_UNREACHABLE_CODE = YES;
				CLANG_WARN__DUPLICATE_METHOD_MATCH = YES;
				COPY_PHASE_STRIP = NO;
				DEBUG_INFORMATION_FORMAT = "dwarf-with-dsym";
				ENABLE_NS_ASSERTIONS = NO;
				ENABLE_STRICT_OBJC_MSGSEND = YES;
				GCC_C_LANGUAGE_STANDARD = gnu11;
				GCC_NO_COMMON_BLOCKS = YES;
				GCC_WARN_64_TO_32_BIT_CONVERSION = YES;
				GCC_WARN_ABOUT_RETURN_TYPE = YES_ERROR;
				GCC_WARN_UNDECLARED_SELECTOR = YES;
				GCC_WARN_UNINITIALIZED_AUTOS = YES_AGGRESSIVE;
				GCC_WARN_UNUSED_FUNCTION = YES;
				GCC_WARN_UNUSED_VARIABLE = YES;
				IPHONEOS_DEPLOYMENT_TARGET = 16.2;
				MTL_ENABLE_DEBUG_INFO = NO;
				MTL_FAST_MATH = YES;
				SDKROOT = iphoneos;
				SWIFT_COMPILATION_MODE = wholemodule;
				SWIFT_OPTIMIZATION_LEVEL = "-O";
				VALIDATE_PRODUCT = YES;
			};
			name = Release;
		};
		581EBF812DE0F10D00C250DD /* Debug */ = {
			isa = XCBuildConfiguration;
			buildSettings = {
				ASSETCATALOG_COMPILER_APPICON_NAME = AppIcon;
				ASSETCATALOG_COMPILER_GLOBAL_ACCENT_COLOR_NAME = AccentColor;
				CODE_SIGN_STYLE = Automatic;
				CURRENT_PROJECT_VERSION = 1;
				DEVELOPMENT_TEAM = KCDCM7AQ5J;
				GENERATE_INFOPLIST_FILE = YES;
				INFOPLIST_FILE = telefun/Info.plist;
				INFOPLIST_KEY_UIApplicationSupportsIndirectInputEvents = YES;
				INFOPLIST_KEY_UILaunchStoryboardName = LaunchScreen;
				INFOPLIST_KEY_UIMainStoryboardFile = Main;
				INFOPLIST_KEY_UISupportedInterfaceOrientations_iPad = "UIInterfaceOrientationPortrait UIInterfaceOrientationPortraitUpsideDown UIInterfaceOrientationLandscapeLeft UIInterfaceOrientationLandscapeRight";
				INFOPLIST_KEY_UISupportedInterfaceOrientations_iPhone = "UIInterfaceOrientationPortrait UIInterfaceOrientationLandscapeLeft UIInterfaceOrientationLandscapeRight";
				IPHONEOS_DEPLOYMENT_TARGET = 18.0;
				LD_RUNPATH_SEARCH_PATHS = (
					"$(inherited)",
					"@executable_path/Frameworks",
				);
				MARKETING_VERSION = 1.0;
				PRODUCT_BUNDLE_IDENTIFIER = com.suhuang.telefun;
				PRODUCT_NAME = "$(TARGET_NAME)";
				SWIFT_EMIT_LOC_STRINGS = YES;
				SWIFT_VERSION = 5.0;
				TARGETED_DEVICE_FAMILY = "1,2";
			};
			name = Debug;
		};
		581EBF822DE0F10D00C250DD /* Release */ = {
			isa = XCBuildConfiguration;
			buildSettings = {
				ASSETCATALOG_COMPILER_APPICON_NAME = AppIcon;
				ASSETCATALOG_COMPILER_GLOBAL_ACCENT_COLOR_NAME = AccentColor;
				CODE_SIGN_STYLE = Automatic;
				CURRENT_PROJECT_VERSION = 1;
				DEVELOPMENT_TEAM = KCDCM7AQ5J;
				GENERATE_INFOPLIST_FILE = YES;
				INFOPLIST_FILE = telefun/Info.plist;
				INFOPLIST_KEY_UIApplicationSupportsIndirectInputEvents = YES;
				INFOPLIST_KEY_UILaunchStoryboardName = LaunchScreen;
				INFOPLIST_KEY_UIMainStoryboardFile = Main;
				INFOPLIST_KEY_UISupportedInterfaceOrientations_iPad = "UIInterfaceOrientationPortrait UIInterfaceOrientationPortraitUpsideDown UIInterfaceOrientationLandscapeLeft UIInterfaceOrientationLandscapeRight";
				INFOPLIST_KEY_UISupportedInterfaceOrientations_iPhone = "UIInterfaceOrientationPortrait UIInterfaceOrientationLandscapeLeft UIInterfaceOrientationLandscapeRight";
				IPHONEOS_DEPLOYMENT_TARGET = 18.0;
				LD_RUNPATH_SEARCH_PATHS = (
					"$(inherited)",
					"@executable_path/Frameworks",
				);
				MARKETING_VERSION = 1.0;
				PRODUCT_BUNDLE_IDENTIFIER = com.suhuang.telefun;
				PRODUCT_NAME = "$(TARGET_NAME)";
				SWIFT_EMIT_LOC_STRINGS = YES;
				SWIFT_VERSION = 5.0;
				TARGETED_DEVICE_FAMILY = "1,2";
			};
			name = Release;
		};
/* End XCBuildConfiguration section */

/* Begin XCConfigurationList section */
		581EBF672DE0F10C00C250DD /* Build configuration list for PBXProject "telefun" */ = {
			isa = XCConfigurationList;
			buildConfigurations = (
				581EBF7E2DE0F10D00C250DD /* Debug */,
				581EBF7F2DE0F10D00C250DD /* Release */,
			);
			defaultConfigurationIsVisible = 0;
			defaultConfigurationName = Release;
		};
		581EBF802DE0F10D00C250DD /* Build configuration list for PBXNativeTarget "telefun" */ = {
			isa = XCConfigurationList;
			buildConfigurations = (
				581EBF812DE0F10D00C250DD /* Debug */,
				581EBF822DE0F10D00C250DD /* Release */,
			);
			defaultConfigurationIsVisible = 0;
			defaultConfigurationName = Release;
		};
/* End XCConfigurationList section */
	};
	rootObject = 581EBF642DE0F10C00C250DD /* Project object */;
}
